{
    "_readme": [
        "This file locks the dependencies of your project to a known state",
        "Read more about it at https://getcomposer.org/doc/01-basic-usage.md#installing-dependencies",
        "This file is @generated automatically"
    ],
    "content-hash": "849da3610c63ff2875dd514a72acb2c8",
    "packages": [
        {
            "name": "log1x/sage-directives",
            "version": "v2.0.5",
            "source": {
                "type": "git",
                "url": "https://github.com/Log1x/sage-directives.git",
                "reference": "c391f84f94b2040f758ee60f9682521345eb864c"
            },
            "dist": {
                "type": "zip",
                "url": "https://api.github.com/repos/Log1x/sage-directives/zipball/c391f84f94b2040f758ee60f9682521345eb864c",
                "reference": "c391f84f94b2040f758ee60f9682521345eb864c",
                "shasum": ""
            },
            "require": {
                "php": ">=8.1"
            },
            "require-dev": {
                "laravel/pint": "^1.10",
                "pestphp/pest": "^2.9",
                "roots/acorn": "*"
            },
            "type": "package",
            "extra": {
                "acorn": {
                    "providers": [
                        "Log1x\\SageDirectives\\SageDirectivesServiceProvider"
                    ]
                }
            },
            "autoload": {
                "psr-4": {
                    "Log1x\\SageDirectives\\": "src/"
                }
            },
            "notification-url": "https://packagist.org/downloads/",
            "license": [
                "MIT"
            ],
            "authors": [
                {
                    "name": "Brandon Nifong",
                    "email": "brandon@tendency.me"
                }
            ],
            "description": "A set of Blade directives for use with Roots Sage.",
            "homepage": "https://github.com/log1x/sage-directives",
            "keywords": [
                "acorn",
                "blade",
                "blade-directives",
                "directives",
                "roots",
                "sage",
                "wordpress"
            ],
            "support": {
                "issues": "https://github.com/log1x/sage-directives/issues",
                "source": "https://github.com/Log1x/sage-directives/tree/v2.0.5"
            },
            "funding": [
                {
                    "url": "https://github.com/Log1x",
                    "type": "github"
                }
            ],
            "time": "2024-08-16T09:00:47+00:00"
        }
    ],
    "packages-dev": [
        {
            "name": "laravel/pint",
            "version": "v1.18.1",
            "source": {
                "type": "git",
                "url": "https://github.com/laravel/pint.git",
                "reference": "35c00c05ec43e6b46d295efc0f4386ceb30d50d9"
            },
            "dist": {
                "type": "zip",
                "url": "https://api.github.com/repos/laravel/pint/zipball/35c00c05ec43e6b46d295efc0f4386ceb30d50d9",
                "reference": "35c00c05ec43e6b46d295efc0f4386ceb30d50d9",
                "shasum": ""
            },
            "require": {
                "ext-json": "*",
                "ext-mbstring": "*",
                "ext-tokenizer": "*",
                "ext-xml": "*",
                "php": "^8.1.0"
            },
            "require-dev": {
                "friendsofphp/php-cs-fixer": "^3.64.0",
                "illuminate/view": "^10.48.20",
                "larastan/larastan": "^2.9.8",
                "laravel-zero/framework": "^10.4.0",
                "mockery/mockery": "^1.6.12",
                "nunomaduro/termwind": "^1.15.1",
                "pestphp/pest": "^2.35.1"
            },
            "bin": [
                "builds/pint"
            ],
            "type": "project",
            "autoload": {
                "psr-4": {
                    "App\\": "app/",
                    "Database\\Seeders\\": "database/seeders/",
                    "Database\\Factories\\": "database/factories/"
                }
            },
            "notification-url": "https://packagist.org/downloads/",
            "license": [
                "MIT"
            ],
            "authors": [
                {
                    "name": "Nuno Maduro",
                    "email": "enunomaduro@gmail.com"
                }
            ],
            "description": "An opinionated code formatter for PHP.",
            "homepage": "https://laravel.com",
            "keywords": [
                "format",
                "formatter",
                "lint",
                "linter",
                "php"
            ],
            "support": {
                "issues": "https://github.com/laravel/pint/issues",
                "source": "https://github.com/laravel/pint"
            },
            "time": "2024-09-24T17:22:50+00:00"
        }
    ],
    "aliases": [],
    "minimum-stability": "dev",
    "stability-flags": [],
    "prefer-stable": true,
    "prefer-lowest": false,
    "platform": {
        "php": ">=8.1"
    },
    "platform-dev": [],
    "plugin-api-version": "2.6.0"
}
